// !$*UTF8*$!
{
	archiveVersion = 1;
	classes = {
	};
	objectVersion = 46;
	objects = {

/* Begin PBXBuildFile section */
		C00D1B6B1A2C776200837A3E /* Foundation.framework in Frameworks */ = {isa = PBXBuildFile; fileRef = C00D1B6A1A2C776200837A3E /* Foundation.framework */; };
		C00D1B791A2C794800837A3E /* AppKit.framework in Frameworks */ = {isa = PBXBuildFile; fileRef = C00D1B781A2C794800837A3E /* AppKit.framework */; };
		C00D1B7B1A2C795000837A3E /* IOKit.framework in Frameworks */ = {isa = PBXBuildFile; fileRef = C00D1B7A1A2C795000837A3E /* IOKit.framework */; };
		C0A4856A1A2E30BA00ACF405 /* main.m in Sources */ = {isa = PBXBuildFile; fileRef = C0A485691A2E30BA00ACF405 /* main.m */; };
/* End PBXBuildFile section */

/* Begin PBXCopyFilesBuildPhase section */
		C00D1B651A2C776200837A3E /* CopyFiles */ = {
			isa = PBXCopyFilesBuildPhase;
			buildActionMask = 2147483647;
			dstPath = /usr/share/man/man1/;
			dstSubfolderSpec = 0;
			files = (
			);
			runOnlyForDeploymentPostprocessing = 1;
		};
/* End PBXCopyFilesBuildPhase section */

/* Begin PBXFileReference section */
		C00D1B671A2C776200837A3E /* DA */ = {isa = PBXFileReference; explicitFileType = "compiled.mach-o.executable"; includeInIndex = 0; path = DA; sourceTree = BUILT_PRODUCTS_DIR; };
		C00D1B6A1A2C776200837A3E /* Foundation.framework */ = {isa = PBXFileReference; lastKnownFileType = wrapper.framework; name = Foundation.framework; path = System/Library/Frameworks/Foundation.framework; sourceTree = SDKROOT; };
		C00D1B781A2C794800837A3E /* AppKit.framework */ = {isa = PBXFileReference; lastKnownFileType = wrapper.framework; name = AppKit.framework; path = System/Library/Frameworks/AppKit.framework; sourceTree = SDKROOT; };
		C00D1B7A1A2C795000837A3E /* IOKit.framework */ = {isa = PBXFileReference; lastKnownFileType = wrapper.framework; name = IOKit.framework; path = System/Library/Frameworks/IOKit.framework; sourceTree = SDKROOT; };
		C0A485681A2E30BA00ACF405 /* DA-Prefix.pch */ = {isa = PBXFileReference; fileEncoding = 4; lastKnownFileType = sourcecode.c.h; path = "DA-Prefix.pch"; sourceTree = "<group>"; };
		C0A485691A2E30BA00ACF405 /* main.m */ = {isa = PBXFileReference; fileEncoding = 4; lastKnownFileType = sourcecode.c.objc; path = main.m; sourceTree = "<group>"; };
/* End PBXFileReference section */

/* Begin PBXFrameworksBuildPhase section */
		C00D1B641A2C776200837A3E /* Frameworks */ = {
			isa = PBXFrameworksBuildPhase;
			buildActionMask = 2147483647;
			files = (
				C00D1B7B1A2C795000837A3E /* IOKit.framework in Frameworks */,
				C00D1B791A2C794800837A3E /* AppKit.framework in Frameworks */,
				C00D1B6B1A2C776200837A3E /* Foundation.framework in Frameworks */,
			);
			runOnlyForDeploymentPostprocessing = 0;
		};
/* End PBXFrameworksBuildPhase section */

/* Begin PBXGroup section */
		C00D1B5E1A2C776200837A3E = {
			isa = PBXGroup;
			children = (
				C0A485681A2E30BA00ACF405 /* DA-Prefix.pch */,
				C0A485691A2E30BA00ACF405 /* main.m */,
				C00D1B691A2C776200837A3E /* Frameworks */,
				C00D1B681A2C776200837A3E /* Products */,
			);
			sourceTree = "<group>";
		};
		C00D1B681A2C776200837A3E /* Products */ = {
			isa = PBXGroup;
			children = (
				C00D1B671A2C776200837A3E /* DA */,
			);
			name = Products;
			sourceTree = "<group>";
		};
		C00D1B691A2C776200837A3E /* Frameworks */ = {
			isa = PBXGroup;
			children = (
				C00D1B7A1A2C795000837A3E /* IOKit.framework */,
				C00D1B781A2C794800837A3E /* AppKit.framework */,
				C00D1B6A1A2C776200837A3E /* Foundation.framework */,
			);
			name = Frameworks;
			sourceTree = "<group>";
		};
/* End PBXGroup section */

/* Begin PBXNativeTarget section */
		C00D1B661A2C776200837A3E /* DA */ = {
			isa = PBXNativeTarget;
			buildConfigurationList = C00D1B751A2C776200837A3E /* Build configuration list for PBXNativeTarget "DA" */;
			buildPhases = (
				C00D1B631A2C776200837A3E /* Sources */,
				C00D1B641A2C776200837A3E /* Frameworks */,
				C00D1B651A2C776200837A3E /* CopyFiles */,
			);
			buildRules = (
			);
			dependencies = (
			);
			name = DA;
			productName = DA;
			productReference = C00D1B671A2C776200837A3E /* DA */;
			productType = "com.apple.product-type.tool";
		};
/* End PBXNativeTarget section */

/* Begin PBXProject section */
		C00D1B5F1A2C776200837A3E /* Project object */ = {
			isa = PBXProject;
			attributes = {
				LastUpgradeCheck = 0510;
				ORGANIZATIONNAME = "___FULLUSERNAME___";
			};
			buildConfigurationList = C00D1B621A2C776200837A3E /* Build configuration list for PBXProject "DA" */;
			compatibilityVersion = "Xcode 3.2";
			developmentRegion = English;
			hasScannedForEncodings = 0;
			knownRegions = (
				en,
			);
			mainGroup = C00D1B5E1A2C776200837A3E;
			productRefGroup = C00D1B681A2C776200837A3E /* Products */;
			projectDirPath = "";
			projectRoot = "";
			targets = (
				C00D1B661A2C776200837A3E /* DA */,
			);
		};
/* End PBXProject section */

/* Begin PBXSourcesBuildPhase section */
		C00D1B631A2C776200837A3E /* Sources */ = {
			isa = PBXSourcesBuildPhase;
			buildActionMask = 2147483647;
			files = (
				C0A4856A1A2E30BA00ACF405 /* main.m in Sources */,
			);
			runOnlyForDeploymentPostprocessing = 0;
		};
/* End PBXSourcesBuildPhase section */

/* Begin XCBuildConfiguration section */
		C00D1B731A2C776200837A3E /* Debug */ = {
			isa = XCBuildConfiguration;
			buildSettings = {
				ALWAYS_SEARCH_USER_PATHS = NO;
				CLANG_CXX_LANGUAGE_STANDARD = "gnu++0x";
				CLANG_CXX_LIBRARY = "libc++";
				CLANG_ENABLE_MODULES = YES;
				CLANG_ENABLE_OBJC_ARC = YES;
				CLANG_WARN_BOOL_CONVERSION = YES;
				CLANG_WARN_CONSTANT_CONVERSION = YES;
				CLANG_WARN_DIRECT_OBJC_ISA_USAGE = YES_ERROR;
				CLANG_WARN_EMPTY_BODY = YES;
				CLANG_WARN_ENUM_CONVERSION = YES;
				CLANG_WARN_INT_CONVERSION = YES;
				CLANG_WARN_OBJC_ROOT_CLASS = YES_ERROR;
				CLANG_WARN__DUPLICATE_METHOD_MATCH = YES;
				COPY_PHASE_STRIP = NO;
				GCC_C_LANGUAGE_STANDARD = gnu99;
				GCC_DYNAMIC_NO_PIC = NO;
				GCC_ENABLE_OBJC_EXCEPTIONS = YES;
				GCC_OPTIMIZATION_LEVEL = 0;
				GCC_PREPROCESSOR_DEFINITIONS = (
					"DEBUG=1",
					"$(inherited)",
				);
				GCC_SYMBOLS_PRIVATE_EXTERN = NO;
				GCC_WARN_64_TO_32_BIT_CONVERSION = YES;
				GCC_WARN_ABOUT_RETURN_TYPE = YES_ERROR;
				GCC_WARN_UNDECLARED_SELECTOR = YES;
				GCC_WARN_UNINITIALIZED_AUTOS = YES_AGGRESSIVE;
				GCC_WARN_UNUSED_FUNCTION = YES;
				GCC_WARN_UNUSED_VARIABLE = YES;
				MACOSX_DEPLOYMENT_TARGET = 10.8;
				ONLY_ACTIVE_ARCH = YES;
				SDKROOT = macosx;
			};
			name = Debug;
		};
		C00D1B741A2C776200837A3E /* Release */ = {
			isa = XCBuildConfiguration;
			buildSettings = {
				ALWAYS_SEARCH_USER_PATHS = NO;
				CLANG_CXX_LANGUAGE_STANDARD = "gnu++0x";
				CLANG_CXX_LIBRARY = "libc++";
				CLANG_ENABLE_MODULES = YES;
				CLANG_ENABLE_OBJC_ARC = YES;
				CLANG_WARN_BOOL_CONVERSION = YES;
				CLANG_WARN_CONSTANT_CONVERSION = YES;
				CLANG_WARN_DIRECT_OBJC_ISA_USAGE = YES_ERROR;
				CLANG_WARN_EMPTY_BODY = YES;
				CLANG_WARN_ENUM_CONVERSION = YES;
				CLANG_WARN_INT_CONVERSION = YES;
				CLANG_WARN_OBJC_ROOT_CLASS = YES_ERROR;
				CLANG_WARN__DUPLICATE_METHOD_MATCH = YES;
				COPY_PHASE_STRIP = YES;
				DEBUG_INFORMATION_FORMAT = "dwarf-with-dsym";
				ENABLE_NS_ASSERTIONS = NO;
				GCC_C_LANGUAGE_STANDARD = gnu99;
				GCC_ENABLE_OBJC_EXCEPTIONS = YES;
				GCC_WARN_64_TO_32_BIT_CONVERSION = YES;
				GCC_WARN_ABOUT_RETURN_TYPE = YES_ERROR;
				GCC_WARN_UNDECLARED_SELECTOR = YES;
				GCC_WARN_UNINITIALIZED_AUTOS = YES_AGGRESSIVE;
				GCC_WARN_UNUSED_FUNCTION = YES;
				GCC_WARN_UNUSED_VARIABLE = YES;
				MACOSX_DEPLOYMENT_TARGET = 10.8;
				SDKROOT = macosx;
			};
			name = Release;
		};
		C00D1B761A2C776200837A3E /* Debug */ = {
			isa = XCBuildConfiguration;
			buildSettings = {
				GCC_PRECOMPILE_PREFIX_HEADER = YES;
				GCC_PREFIX_HEADER = "DA/DA-Prefix.pch";
				PRODUCT_NAME = "$(TARGET_NAME)";
			};
			name = Debug;
		};
		C00D1B771A2C776200837A3E /* Release */ = {
			isa = XCBuildConfiguration;
			buildSettings = {
				GCC_PRECOMPILE_PREFIX_HEADER = YES;
				GCC_PREFIX_HEADER = "DA/DA-Prefix.pch";
				PRODUCT_NAME = "$(TARGET_NAME)";
			};
			name = Release;
		};
/* End XCBuildConfiguration section */

/* Begin XCConfigurationList section */
		C00D1B621A2C776200837A3E /* Build configuration list for PBXProject "DA" */ = {
			isa = XCConfigurationList;
			buildConfigurations = (
				C00D1B731A2C776200837A3E /* Debug */,
				C00D1B741A2C776200837A3E /* Release */,
			);
			defaultConfigurationIsVisible = 0;
			defaultConfigurationName = Release;
		};
		C00D1B751A2C776200837A3E /* Build configuration list for PBXNativeTarget "DA" */ = {
			isa = XCConfigurationList;
			buildConfigurations = (
				C00D1B761A2C776200837A3E /* Debug */,
				C00D1B771A2C776200837A3E /* Release */,
			);
			defaultConfigurationIsVisible = 0;
			defaultConfigurationName = Release;
		};
/* End XCConfigurationList section */
	};
	rootObject = C00D1B5F1A2C776200837A3E /* Project object */;
}
